
Microsoft Visual Studio Solution File, Format Version 11.00
# Visual Basic Express 2010
Project("{F184B08F-C81C-45F6-A57F-5ABD9991F28F}") = "FXSpindle", "FXSpindle\FXSpindle.vbproj", "{CD1DAC17-F2B5-4A7C-87F7-3598D793BCB8}"
EndProject
Project("{F184B08F-C81C-45F6-A57F-5ABD9991F28F}") = "SpindleControls", "SpindleControls\SpindleControls.vbproj", "{F9041D07-C4C2-45C4-895F-277EFCE3E4A9}"
EndProject
Project("{F184B08F-C81C-45F6-A57F-5ABD9991F28F}") = "SpindleBusinness", "SpindleBusinness\SpindleBusinness.vbproj", "{B6585E19-3A91-49D8-AAA7-95433ABB3136}"
EndProject
Project("{F184B08F-C81C-45F6-A57F-5ABD9991F28F}") = "SpindleMain", "SpindleMain\SpindleMain.vbproj", "{49E7BFE6-D6AE-4A25-B033-9A267E7480BF}"
EndProject
Global
	GlobalSection(SolutionConfigurationPlatforms) = preSolution
		Debug|Any CPU = Debug|Any CPU
		Debug|Mixed Platforms = Debug|Mixed Platforms
		Debug|x86 = Debug|x86
		Release|Any CPU = Release|Any CPU
		Release|Mixed Platforms = Release|Mixed Platforms
		Release|x86 = Release|x86
	EndGlobalSection
	GlobalSection(ProjectConfigurationPlatforms) = postSolution
		{CD1DAC17-F2B5-4A7C-87F7-3598D793BCB8}.Debug|Any CPU.ActiveCfg = Debug|x86
		{CD1DAC17-F2B5-4A7C-87F7-3598D793BCB8}.Debug|Mixed Platforms.ActiveCfg = Debug|x86
		{CD1DAC17-F2B5-4A7C-87F7-3598D793BCB8}.Debug|Mixed Platforms.Build.0 = Debug|x86
		{CD1DAC17-F2B5-4A7C-87F7-3598D793BCB8}.Debug|x86.ActiveCfg = Debug|x86
		{CD1DAC17-F2B5-4A7C-87F7-3598D793BCB8}.Debug|x86.Build.0 = Debug|x86
		{CD1DAC17-F2B5-4A7C-87F7-3598D793BCB8}.Release|Any CPU.ActiveCfg = Release|x86
		{CD1DAC17-F2B5-4A7C-87F7-3598D793BCB8}.Release|Mixed Platforms.ActiveCfg = Release|x86
		{CD1DAC17-F2B5-4A7C-87F7-3598D793BCB8}.Release|Mixed Platforms.Build.0 = Release|x86
		{CD1DAC17-F2B5-4A7C-87F7-3598D793BCB8}.Release|x86.ActiveCfg = Release|x86
		{CD1DAC17-F2B5-4A7C-87F7-3598D793BCB8}.Release|x86.Build.0 = Release|x86
		{F9041D07-C4C2-45C4-895F-277EFCE3E4A9}.Debug|Any CPU.ActiveCfg = Debug|Any CPU
		{F9041D07-C4C2-45C4-895F-277EFCE3E4A9}.Debug|Any CPU.Build.0 = Debug|Any CPU
		{F9041D07-C4C2-45C4-895F-277EFCE3E4A9}.Debug|Mixed Platforms.ActiveCfg = Debug|Any CPU
		{F9041D07-C4C2-45C4-895F-277EFCE3E4A9}.Debug|Mixed Platforms.Build.0 = Debug|Any CPU
		{F9041D07-C4C2-45C4-895F-277EFCE3E4A9}.Debug|x86.ActiveCfg = Debug|Any CPU
		{F9041D07-C4C2-45C4-895F-277EFCE3E4A9}.Release|Any CPU.ActiveCfg = Release|Any CPU
		{F9041D07-C4C2-45C4-895F-277EFCE3E4A9}.Release|Any CPU.Build.0 = Release|Any CPU
		{F9041D07-C4C2-45C4-895F-277EFCE3E4A9}.Release|Mixed Platforms.ActiveCfg = Release|Any CPU
		{F9041D07-C4C2-45C4-895F-277EFCE3E4A9}.Release|Mixed Platforms.Build.0 = Release|Any CPU
		{F9041D07-C4C2-45C4-895F-277EFCE3E4A9}.Release|x86.ActiveCfg = Release|Any CPU
		{B6585E19-3A91-49D8-AAA7-95433ABB3136}.Debug|Any CPU.ActiveCfg = Debug|Any CPU
		{B6585E19-3A91-49D8-AAA7-95433ABB3136}.Debug|Any CPU.Build.0 = Debug|Any CPU
		{B6585E19-3A91-49D8-AAA7-95433ABB3136}.Debug|Mixed Platforms.ActiveCfg = Debug|Any CPU
		{B6585E19-3A91-49D8-AAA7-95433ABB3136}.Debug|Mixed Platforms.Build.0 = Debug|Any CPU
		{B6585E19-3A91-49D8-AAA7-95433ABB3136}.Debug|x86.ActiveCfg = Debug|Any CPU
		{B6585E19-3A91-49D8-AAA7-95433ABB3136}.Release|Any CPU.ActiveCfg = Release|Any CPU
		{B6585E19-3A91-49D8-AAA7-95433ABB3136}.Release|Any CPU.Build.0 = Release|Any CPU
		{B6585E19-3A91-49D8-AAA7-95433ABB3136}.Release|Mixed Platforms.ActiveCfg = Release|Any CPU
		{B6585E19-3A91-49D8-AAA7-95433ABB3136}.Release|Mixed Platforms.Build.0 = Release|Any CPU
		{B6585E19-3A91-49D8-AAA7-95433ABB3136}.Release|x86.ActiveCfg = Release|Any CPU
		{49E7BFE6-D6AE-4A25-B033-9A267E7480BF}.Debug|Any CPU.ActiveCfg = Debug|x86
		{49E7BFE6-D6AE-4A25-B033-9A267E7480BF}.Debug|Mixed Platforms.ActiveCfg = Debug|x86
		{49E7BFE6-D6AE-4A25-B033-9A267E7480BF}.Debug|Mixed Platforms.Build.0 = Debug|x86
		{49E7BFE6-D6AE-4A25-B033-9A267E7480BF}.Debug|x86.ActiveCfg = Debug|x86
		{49E7BFE6-D6AE-4A25-B033-9A267E7480BF}.Debug|x86.Build.0 = Debug|x86
		{49E7BFE6-D6AE-4A25-B033-9A267E7480BF}.Release|Any CPU.ActiveCfg = Release|x86
		{49E7BFE6-D6AE-4A25-B033-9A267E7480BF}.Release|Mixed Platforms.ActiveCfg = Release|x86
		{49E7BFE6-D6AE-4A25-B033-9A267E7480BF}.Release|Mixed Platforms.Build.0 = Release|x86
		{49E7BFE6-D6AE-4A25-B033-9A267E7480BF}.Release|x86.ActiveCfg = Release|x86
		{49E7BFE6-D6AE-4A25-B033-9A267E7480BF}.Release|x86.Build.0 = Release|x86
	EndGlobalSection
	GlobalSection(SolutionProperties) = preSolution
		HideSolutionNode = FALSE
	EndGlobalSection
EndGlobal
